{
  "nodes": {
    "flake-compat": {
      "flake": false,
      "locked": {
        "lastModified": 1761588595,
        "narHash": "sha256-XKUZz9zewJNUj46b4AJdiRZJAvSZ0Dqj2BNfXvFlJC4=",
        "owner": "edolstra",
        "repo": "flake-compat",
        "rev": "f387cd2afec9419c8ee37694406ca490c3f34ee5",
        "type": "github"
      },
      "original": {
        "owner": "edolstra",
        "repo": "flake-compat",
        "type": "github"
      }
    },
    "home-manager": {
      "inputs": {
        "nixpkgs": [
          "nixpkgs"
        ]
      },
      "locked": {
        "lastModified": 1765217760,
        "narHash": "sha256-BVVyAodLcAD8KOtR3yCStBHSE0WAH/xQWH9f0qsxbmk=",
        "owner": "nix-community",
        "repo": "home-manager",
        "rev": "e5b1f87841810fc24772bf4389f9793702000c9b",
        "type": "github"
      },
      "original": {
        "owner": "nix-community",
        "repo": "home-manager",
        "type": "github"
      }
    },
    "icedos-github_icedos_apps": {
      "locked": {
        "lastModified": 1765298010,
        "narHash": "sha256-psZcCD4wJ7FrjSeg3CXD3NAu4YqCZYnHzQ3F8DGw4D8=",
        "owner": "icedos",
        "repo": "apps",
        "rev": "281f404f1cbf561d7f8f5fe7841cafb5fdca0dd8",
        "type": "github"
      },
      "original": {
        "owner": "icedos",
        "repo": "apps",
        "rev": "281f404f1cbf561d7f8f5fe7841cafb5fdca0dd8",
        "type": "github"
      }
    },
    "icedos-github_icedos_apps-aagl-aagl": {
      "inputs": {
        "flake-compat": "flake-compat",
        "nixpkgs": [
          "nixpkgs"
        ],
        "rust-overlay": "rust-overlay"
      },
      "locked": {
        "lastModified": 1765245541,
        "narHash": "sha256-Q4KU8bvFL3tJb1sTAPFG6qvi0KP8HvAfLG7mGqdSQV8=",
        "owner": "ezKEa",
        "repo": "aagl-gtk-on-nix",
        "rev": "f251969383969412b94a98c9378deaa114a76338",
        "type": "github"
      },
      "original": {
        "owner": "ezKEa",
        "repo": "aagl-gtk-on-nix",
        "type": "github"
      }
    },
    "icedos-github_icedos_apps-celluloid-celluloid-shader": {
      "flake": false,
      "locked": {
        "lastModified": 1,
        "narHash": "sha256-Y/pZSV0PGDjswJKdzpdrOZUORD2ALV7xIh0RahLOSj0=",
        "path": "/nix/store/5zcj323fgw0vxx0nhgvp45yxrwikm0c6-FSR.glsl",
        "type": "path"
      },
      "original": {
        "path": "/nix/store/5zcj323fgw0vxx0nhgvp45yxrwikm0c6-FSR.glsl",
        "type": "path"
      }
    },
    "icedos-github_icedos_apps-flatpak-nix-flatpak": {
      "locked": {
        "lastModified": 1754777568,
        "narHash": "sha256-0bBqT+3XncgF8F03RFAamw9vdf0VmaDoIJLTGkjfQZs=",
        "owner": "gmodena",
        "repo": "nix-flatpak",
        "rev": "62f636b87ef6050760a8cb325cadb90674d1e23e",
        "type": "github"
      },
      "original": {
        "owner": "gmodena",
        "repo": "nix-flatpak",
        "type": "github"
      }
    },
    "icedos-github_icedos_desktop": {
      "locked": {
        "lastModified": 1765120660,
        "narHash": "sha256-ztRT8LhiCdgMpF/x/iG/0CccRjhNnyJZrbkicrzZjdI=",
        "owner": "icedos",
        "repo": "desktop",
        "rev": "fb1b25d21e254d2ee56e116dfebe7ac7759e6235",
        "type": "github"
      },
      "original": {
        "owner": "icedos",
        "repo": "desktop",
        "rev": "fb1b25d21e254d2ee56e116dfebe7ac7759e6235",
        "type": "github"
      }
    },
    "icedos-github_icedos_gnome": {
      "locked": {
        "lastModified": 1764254863,
        "narHash": "sha256-L+GM/loSa/dVk2lZ3haqyB9nNYgEZWBmyAnpbOYy+1s=",
        "owner": "icedos",
        "repo": "gnome",
        "rev": "884a9f13516c18db04ce26898a7a17434b792e01",
        "type": "github"
      },
      "original": {
        "owner": "icedos",
        "repo": "gnome",
        "rev": "884a9f13516c18db04ce26898a7a17434b792e01",
        "type": "github"
      }
    },
    "icedos-github_icedos_hardware": {
      "locked": {
        "lastModified": 1765275136,
        "narHash": "sha256-LUkvMWkHZCatAuCeMrYDZWmlrAYMSNNTt5tCzJ6gcd8=",
        "owner": "icedos",
        "repo": "hardware",
        "rev": "d85111fae4d4a3fb92dcd172bfe86cc26a6604bb",
        "type": "github"
      },
      "original": {
        "owner": "icedos",
        "repo": "hardware",
        "rev": "d85111fae4d4a3fb92dcd172bfe86cc26a6604bb",
        "type": "github"
      }
    },
    "icedos-github_icedos_tweaks": {
      "locked": {
        "lastModified": 1754974764,
        "narHash": "sha256-lQbWKdDNMsBFmuSKaXaNd8ErG6gdVAYFeH9EOFCcOxw=",
        "owner": "icedos",
        "repo": "tweaks",
        "rev": "83d42744d78c418a259b8e1c4ae7eba1d3e9eaf5",
        "type": "github"
      },
      "original": {
        "owner": "icedos",
        "repo": "tweaks",
        "rev": "83d42744d78c418a259b8e1c4ae7eba1d3e9eaf5",
        "type": "github"
      }
    },
    "icedos-github_icedos_users": {
      "locked": {
        "lastModified": 1755402149,
        "narHash": "sha256-t1RrCa7ez13ZiB8LTVmrc69ZasYqoJXwMhuS8uXT37A=",
        "owner": "icedos",
        "repo": "users",
        "rev": "9ddc3663045cd05e7df3d99844b4b640741fe667",
        "type": "github"
      },
      "original": {
        "owner": "icedos",
        "repo": "users",
        "rev": "9ddc3663045cd05e7df3d99844b4b640741fe667",
        "type": "github"
      }
    },
    "nixpkgs": {
      "locked": {
        "lastModified": 1744536153,
        "narHash": "sha256-awS2zRgF4uTwrOKwwiJcByDzDOdo3Q1rPZbiHQg/N38=",
        "owner": "NixOS",
        "repo": "nixpkgs",
        "rev": "18dd725c29603f582cf1900e0d25f9f1063dbf11",
        "type": "github"
      },
      "original": {
        "owner": "NixOS",
        "ref": "nixpkgs-unstable",
        "repo": "nixpkgs",
        "type": "github"
      }
    },
    "nixpkgs_2": {
      "locked": {
        "lastModified": 1765186076,
        "narHash": "sha256-hM20uyap1a0M9d344I692r+ik4gTMyj60cQWO+hAYP8=",
        "owner": "nixos",
        "repo": "nixpkgs",
        "rev": "addf7cf5f383a3101ecfba091b98d0a1263dc9b8",
        "type": "github"
      },
      "original": {
        "owner": "nixos",
        "ref": "nixos-unstable",
        "repo": "nixpkgs",
        "type": "github"
      }
    },
    "root": {
      "inputs": {
        "home-manager": "home-manager",
        "icedos-github_icedos_apps": "icedos-github_icedos_apps",
        "icedos-github_icedos_apps-aagl-aagl": "icedos-github_icedos_apps-aagl-aagl",
        "icedos-github_icedos_apps-celluloid-celluloid-shader": "icedos-github_icedos_apps-celluloid-celluloid-shader",
        "icedos-github_icedos_apps-flatpak-nix-flatpak": "icedos-github_icedos_apps-flatpak-nix-flatpak",
        "icedos-github_icedos_desktop": "icedos-github_icedos_desktop",
        "icedos-github_icedos_gnome": "icedos-github_icedos_gnome",
        "icedos-github_icedos_hardware": "icedos-github_icedos_hardware",
        "icedos-github_icedos_tweaks": "icedos-github_icedos_tweaks",
        "icedos-github_icedos_users": "icedos-github_icedos_users",
        "nixpkgs": "nixpkgs_2"
      }
    },
    "rust-overlay": {
      "inputs": {
        "nixpkgs": "nixpkgs"
      },
      "locked": {
        "lastModified": 1764470739,
        "narHash": "sha256-sa9f81B1dWO16QtgDTWHX8DQbiHKzHndpaunY5EQtwE=",
        "owner": "oxalica",
        "repo": "rust-overlay",
        "rev": "3bfa664055e1a09c6aedab5533c5fc8d6ca5741a",
        "type": "github"
      },
      "original": {
        "owner": "oxalica",
        "repo": "rust-overlay",
        "type": "github"
      }
    }
  },
  "root": "root",
  "version": 7
}
