{
  "nodes": {
    "flake-compat": {
      "flake": false,
      "locked": {
        "lastModified": 1761588595,
        "narHash": "sha256-XKUZz9zewJNUj46b4AJdiRZJAvSZ0Dqj2BNfXvFlJC4=",
        "owner": "edolstra",
        "repo": "flake-compat",
        "rev": "f387cd2afec9419c8ee37694406ca490c3f34ee5",
        "type": "github"
      },
      "original": {
        "owner": "edolstra",
        "repo": "flake-compat",
        "type": "github"
      }
    },
    "flake-parts": {
      "inputs": {
        "nixpkgs-lib": [
          "nur",
          "nixpkgs"
        ]
      },
      "locked": {
        "lastModified": 1733312601,
        "narHash": "sha256-4pDvzqnegAfRkPwO3wmwBhVi/Sye1mzps0zHWYnP88c=",
        "owner": "hercules-ci",
        "repo": "flake-parts",
        "rev": "205b12d8b7cd4802fbcb8e8ef6a0f1408781a4f9",
        "type": "github"
      },
      "original": {
        "owner": "hercules-ci",
        "repo": "flake-parts",
        "type": "github"
      }
    },
    "home-manager": {
      "inputs": {
        "nixpkgs": [
          "nixpkgs"
        ]
      },
      "locked": {
        "lastModified": 1766980997,
        "narHash": "sha256-oegDNAvyQwaG3GqSi4U5jpKM7SYHGESGVIuKMRV/lbw=",
        "owner": "nix-community",
        "repo": "home-manager",
        "rev": "7a7b43c7231a439d248179ba8d561dd6cd81799b",
        "type": "github"
      },
      "original": {
        "owner": "nix-community",
        "repo": "home-manager",
        "type": "github"
      }
    },
    "icedos-github_icedos_apps": {
      "locked": {
        "lastModified": 1766813199,
        "narHash": "sha256-DX3s8BasNB0ATgFr45Y1xExeTgWn/FNEvk5Bp776kdQ=",
        "owner": "icedos",
        "repo": "apps",
        "rev": "c994681a2fce2254861cb71fe257b630f5dfe415",
        "type": "github"
      },
      "original": {
        "owner": "icedos",
        "repo": "apps",
        "rev": "c994681a2fce2254861cb71fe257b630f5dfe415",
        "type": "github"
      }
    },
    "icedos-github_icedos_apps-aagl-aagl": {
      "inputs": {
        "flake-compat": "flake-compat",
        "nixpkgs": [
          "nixpkgs"
        ],
        "rust-overlay": "rust-overlay"
      },
      "locked": {
        "lastModified": 1766424259,
        "narHash": "sha256-ikKwd1/8rLIz8I+B8kwLaNwW5Hh75bkgGRalC+gEpw0=",
        "owner": "ezKEa",
        "repo": "aagl-gtk-on-nix",
        "rev": "37c289121c7ed44f723c326b6c079cd8aaeb35cf",
        "type": "github"
      },
      "original": {
        "owner": "ezKEa",
        "repo": "aagl-gtk-on-nix",
        "type": "github"
      }
    },
    "icedos-github_icedos_apps-celluloid-celluloid-shader": {
      "flake": false,
      "locked": {
        "lastModified": 1,
        "narHash": "sha256-Y/pZSV0PGDjswJKdzpdrOZUORD2ALV7xIh0RahLOSj0=",
        "path": "/nix/store/5zcj323fgw0vxx0nhgvp45yxrwikm0c6-FSR.glsl",
        "type": "path"
      },
      "original": {
        "path": "/nix/store/5zcj323fgw0vxx0nhgvp45yxrwikm0c6-FSR.glsl",
        "type": "path"
      }
    },
    "icedos-github_icedos_apps-flatpak-nix-flatpak": {
      "locked": {
        "lastModified": 1754777568,
        "narHash": "sha256-0bBqT+3XncgF8F03RFAamw9vdf0VmaDoIJLTGkjfQZs=",
        "owner": "gmodena",
        "repo": "nix-flatpak",
        "rev": "62f636b87ef6050760a8cb325cadb90674d1e23e",
        "type": "github"
      },
      "original": {
        "owner": "gmodena",
        "repo": "nix-flatpak",
        "type": "github"
      }
    },
    "icedos-github_icedos_desktop": {
      "locked": {
        "lastModified": 1765978359,
        "narHash": "sha256-xvmbD536I6taTRxkbY+RUNAuMc1ldIg1IVlIusJ2mG0=",
        "owner": "icedos",
        "repo": "desktop",
        "rev": "e8f94df2743640bc82e8638aa24194700298eec8",
        "type": "github"
      },
      "original": {
        "owner": "icedos",
        "repo": "desktop",
        "rev": "e8f94df2743640bc82e8638aa24194700298eec8",
        "type": "github"
      }
    },
    "icedos-github_icedos_gnome": {
      "locked": {
        "lastModified": 1764254863,
        "narHash": "sha256-L+GM/loSa/dVk2lZ3haqyB9nNYgEZWBmyAnpbOYy+1s=",
        "owner": "icedos",
        "repo": "gnome",
        "rev": "884a9f13516c18db04ce26898a7a17434b792e01",
        "type": "github"
      },
      "original": {
        "owner": "icedos",
        "repo": "gnome",
        "rev": "884a9f13516c18db04ce26898a7a17434b792e01",
        "type": "github"
      }
    },
    "icedos-github_icedos_hardware": {
      "locked": {
        "lastModified": 1766784417,
        "narHash": "sha256-V4aO0i8KwmIAUfLkqvEoDlg6URJD7op91STLfzOXGrk=",
        "owner": "icedos",
        "repo": "hardware",
        "rev": "7c188c09400fb9079213a9f7015a5290742e2585",
        "type": "github"
      },
      "original": {
        "owner": "icedos",
        "repo": "hardware",
        "rev": "7c188c09400fb9079213a9f7015a5290742e2585",
        "type": "github"
      }
    },
    "icedos-github_icedos_providers": {
      "locked": {
        "lastModified": 1766481728,
        "narHash": "sha256-r1XdQMkluHS5Mo67ytQFAcp/iilokcGYzRb2dfxKtr8=",
        "owner": "icedos",
        "repo": "providers",
        "rev": "c1a5aa2f9cdfd58f0c58ea78a4905c6afa9c373e",
        "type": "github"
      },
      "original": {
        "owner": "icedos",
        "repo": "providers",
        "rev": "c1a5aa2f9cdfd58f0c58ea78a4905c6afa9c373e",
        "type": "github"
      }
    },
    "icedos-github_icedos_tweaks": {
      "locked": {
        "lastModified": 1765738481,
        "narHash": "sha256-+vCxM1PRrZhW3XF+GPBQR+6guLSCxXN3gOTUH6/QEVs=",
        "owner": "icedos",
        "repo": "tweaks",
        "rev": "3082dd0bdbd5a8f8aef894c321d580e13daf61fe",
        "type": "github"
      },
      "original": {
        "owner": "icedos",
        "repo": "tweaks",
        "rev": "3082dd0bdbd5a8f8aef894c321d580e13daf61fe",
        "type": "github"
      }
    },
    "icedos-github_icedos_users": {
      "locked": {
        "lastModified": 1755402149,
        "narHash": "sha256-t1RrCa7ez13ZiB8LTVmrc69ZasYqoJXwMhuS8uXT37A=",
        "owner": "icedos",
        "repo": "users",
        "rev": "9ddc3663045cd05e7df3d99844b4b640741fe667",
        "type": "github"
      },
      "original": {
        "owner": "icedos",
        "repo": "users",
        "rev": "9ddc3663045cd05e7df3d99844b4b640741fe667",
        "type": "github"
      }
    },
    "nixpkgs": {
      "locked": {
        "lastModified": 1744536153,
        "narHash": "sha256-awS2zRgF4uTwrOKwwiJcByDzDOdo3Q1rPZbiHQg/N38=",
        "owner": "NixOS",
        "repo": "nixpkgs",
        "rev": "18dd725c29603f582cf1900e0d25f9f1063dbf11",
        "type": "github"
      },
      "original": {
        "owner": "NixOS",
        "ref": "nixpkgs-unstable",
        "repo": "nixpkgs",
        "type": "github"
      }
    },
    "nixpkgs_2": {
      "locked": {
        "lastModified": 1766902085,
        "narHash": "sha256-coBu0ONtFzlwwVBzmjacUQwj3G+lybcZ1oeNSQkgC0M=",
        "owner": "nixos",
        "repo": "nixpkgs",
        "rev": "c0b0e0fddf73fd517c3471e546c0df87a42d53f4",
        "type": "github"
      },
      "original": {
        "owner": "nixos",
        "ref": "nixos-unstable",
        "repo": "nixpkgs",
        "type": "github"
      }
    },
    "nur": {
      "inputs": {
        "flake-parts": "flake-parts",
        "nixpkgs": [
          "nixpkgs"
        ]
      },
      "locked": {
        "lastModified": 1767036668,
        "narHash": "sha256-iDp5XfzFfJG/JG+8fqJf3qJ4Tf6XJjKLNZAuUDFVsbo=",
        "owner": "nix-community",
        "repo": "nur",
        "rev": "74d37f4cc61f00c50f14c33c4a982152d5118ee6",
        "type": "github"
      },
      "original": {
        "owner": "nix-community",
        "repo": "nur",
        "type": "github"
      }
    },
    "root": {
      "inputs": {
        "home-manager": "home-manager",
        "icedos-github_icedos_apps": "icedos-github_icedos_apps",
        "icedos-github_icedos_apps-aagl-aagl": "icedos-github_icedos_apps-aagl-aagl",
        "icedos-github_icedos_apps-celluloid-celluloid-shader": "icedos-github_icedos_apps-celluloid-celluloid-shader",
        "icedos-github_icedos_apps-flatpak-nix-flatpak": "icedos-github_icedos_apps-flatpak-nix-flatpak",
        "icedos-github_icedos_desktop": "icedos-github_icedos_desktop",
        "icedos-github_icedos_gnome": "icedos-github_icedos_gnome",
        "icedos-github_icedos_hardware": "icedos-github_icedos_hardware",
        "icedos-github_icedos_providers": "icedos-github_icedos_providers",
        "icedos-github_icedos_tweaks": "icedos-github_icedos_tweaks",
        "icedos-github_icedos_users": "icedos-github_icedos_users",
        "nixpkgs": "nixpkgs_2",
        "nur": "nur"
      }
    },
    "rust-overlay": {
      "inputs": {
        "nixpkgs": "nixpkgs"
      },
      "locked": {
        "lastModified": 1764470739,
        "narHash": "sha256-sa9f81B1dWO16QtgDTWHX8DQbiHKzHndpaunY5EQtwE=",
        "owner": "oxalica",
        "repo": "rust-overlay",
        "rev": "3bfa664055e1a09c6aedab5533c5fc8d6ca5741a",
        "type": "github"
      },
      "original": {
        "owner": "oxalica",
        "repo": "rust-overlay",
        "type": "github"
      }
    }
  },
  "root": "root",
  "version": 7
}
